{
  "name": "@pgtyped/cli",
  "version": "1.0.2",
  "lockfileVersion": 2,
  "requires": true,
  "packages": {
    "": {
      "name": "@pgtyped/cli",
      "version": "1.0.2",
      "license": "MIT",
      "dependencies": {
        "@types/nunjucks": "^3.1.3",
        "camel-case": "^4.1.1",
        "chalk": "^4.0.0",
        "chokidar": "^3.3.1",
        "debug": "^4.1.1",
        "fp-ts": "^2.5.3",
        "fs-extra": "^11.0.0",
        "glob": "^8.0.0",
        "io-ts": "^2.1.2",
        "io-ts-reporters": "^1.0.0",
        "jest-worker": "^26.3.0",
        "nunjucks": "3.2.3",
        "pascal-case": "^3.1.1",
        "ts-parse-database-url": "^1.0.3",
        "yargs": "^17.0.1"
      },
      "bin": {
        "pgtyped": "lib/index.js"
      },
      "devDependencies": {
        "@types/debug": "4.1.7",
        "@types/fs-extra": "9.0.12",
        "@types/glob": "8.0.0",
        "@types/yargs": "17.0.17"
      },
      "peerDependencies": {
        "typescript": "3.1 - 4"
      }
    },
    "../query": {
      "name": "@pgtyped/query",
      "version": "0.13.0",
      "extraneous": true,
      "license": "MIT",
      "dependencies": {
        "@pgtyped/wire": "^0.13.0",
        "@types/chalk": "^2.2.0",
        "@types/debug": "^4.1.4",
        "antlr4ts": "0.5.0-alpha.4",
        "chalk": "^4.1.0",
        "debug": "^4.1.1"
      },
      "devDependencies": {
        "antlr4ts-cli": "0.5.0-alpha.4"
      },
      "peerDependencies": {
        "typescript": "3.1 - 4"
      }
    },
    "../wire": {
      "name": "@pgtyped/wire",
      "version": "0.13.0",
      "extraneous": true,
      "license": "MIT",
      "dependencies": {
        "@types/debug": "^4.1.4",
        "debug": "^4.1.1"
      },
      "devDependencies": {
        "@types/node": "16.11.27"
      }
    },
    "node_modules/@types/color-name": {
      "version": "1.1.1",
      "license": "MIT"
    },
    "node_modules/@types/debug": {
      "version": "4.1.7",
      "dev": true,
      "license": "MIT",
      "dependencies": {
        "@types/ms": "*"
      }
    },
    "node_modules/@types/fs-extra": {
      "version": "9.0.12",
      "dev": true,
      "license": "MIT",
      "dependencies": {
        "@types/node": "*"
      }
    },
    "node_modules/@types/glob": {
      "version": "8.0.0",
      "resolved": "https://registry.npmjs.org/@types/glob/-/glob-8.0.0.tgz",
      "integrity": "sha512-l6NQsDDyQUVeoTynNpC9uRvCUint/gSUXQA2euwmTuWGvPY5LSDUu6tkCtJB2SvGQlJQzLaKqcGZP4//7EDveA==",
      "dev": true,
      "dependencies": {
        "@types/minimatch": "*",
        "@types/node": "*"
      }
    },
    "node_modules/@types/minimatch": {
      "version": "3.0.5",
      "dev": true,
      "license": "MIT"
    },
    "node_modules/@types/ms": {
      "version": "0.7.31",
      "dev": true,
      "license": "MIT"
    },
    "node_modules/@types/node": {
      "version": "18.7.8",
      "resolved": "https://registry.npmjs.org/@types/node/-/node-18.7.8.tgz",
      "integrity": "sha512-/YP55EMK2341JkODUb8DM9O0x1SIz2aBvyF33Uf1c76St3VpsMXEIW0nxuKkq/5cxnbz0RD9cfwNZHEAZQD3ag=="
    },
    "node_modules/@types/nunjucks": {
      "version": "3.1.3",
      "license": "MIT"
    },
    "node_modules/@types/yargs": {
      "version": "17.0.17",
      "resolved": "https://registry.npmjs.org/@types/yargs/-/yargs-17.0.17.tgz",
      "integrity": "sha512-72bWxFKTK6uwWJAVT+3rF6Jo6RTojiJ27FQo8Rf60AL+VZbzoVPnMFhKsUnbjR8A3BTCYQ7Mv3hnl8T0A+CX9g==",
      "dev": true,
      "dependencies": {
        "@types/yargs-parser": "*"
      }
    },
    "node_modules/@types/yargs-parser": {
      "version": "20.2.1",
      "dev": true,
      "license": "MIT"
    },
    "node_modules/a-sync-waterfall": {
      "version": "1.0.1",
      "license": "MIT"
    },
    "node_modules/ansi-regex": {
      "version": "5.0.1",
      "license": "MIT",
      "engines": {
        "node": ">=8"
      }
    },
    "node_modules/ansi-styles": {
      "version": "4.2.1",
      "license": "MIT",
      "dependencies": {
        "@types/color-name": "^1.1.1",
        "color-convert": "^2.0.1"
      },
      "engines": {
        "node": ">=8"
      },
      "funding": {
        "url": "https://github.com/chalk/ansi-styles?sponsor=1"
      }
    },
    "node_modules/anymatch": {
      "version": "3.1.1",
      "license": "ISC",
      "dependencies": {
        "normalize-path": "^3.0.0",
        "picomatch": "^2.0.4"
      },
      "engines": {
        "node": ">= 8"
      }
    },
    "node_modules/asap": {
      "version": "2.0.6",
      "license": "MIT"
    },
    "node_modules/balanced-match": {
      "version": "1.0.2",
      "resolved": "https://registry.npmjs.org/balanced-match/-/balanced-match-1.0.2.tgz",
      "integrity": "sha512-3oSeUO0TMV67hN1AmbXsK4yaqU7tjiHlbxRDZOpH0KW9+CeX4bRAaX0Anxt0tx2MrpRpWwQaPwIlISEJhYU5Pw=="
    },
    "node_modules/binary-extensions": {
      "version": "2.0.0",
      "license": "MIT",
      "engines": {
        "node": ">=8"
      }
    },
    "node_modules/brace-expansion": {
      "version": "2.0.1",
      "resolved": "https://registry.npmjs.org/brace-expansion/-/brace-expansion-2.0.1.tgz",
      "integrity": "sha512-XnAIvQ8eM+kC6aULx6wuQiwVsnzsi9d3WxzV3FpWTGA19F621kwdbsAcFKXgKUHZWsy+mY6iL1sHTxWEFCytDA==",
      "dependencies": {
        "balanced-match": "^1.0.0"
      }
    },
    "node_modules/braces": {
      "version": "3.0.2",
      "license": "MIT",
      "dependencies": {
        "fill-range": "^7.0.1"
      },
      "engines": {
        "node": ">=8"
      }
    },
    "node_modules/camel-case": {
      "version": "4.1.1",
      "license": "MIT",
      "dependencies": {
        "pascal-case": "^3.1.1",
        "tslib": "^1.10.0"
      }
    },
    "node_modules/chalk": {
      "version": "4.0.0",
      "license": "MIT",
      "dependencies": {
        "ansi-styles": "^4.1.0",
        "supports-color": "^7.1.0"
      },
      "engines": {
        "node": ">=10"
      },
      "funding": {
        "url": "https://github.com/chalk/chalk?sponsor=1"
      }
    },
    "node_modules/chokidar": {
      "version": "3.3.1",
      "license": "MIT",
      "dependencies": {
        "anymatch": "~3.1.1",
        "braces": "~3.0.2",
        "glob-parent": "~5.1.0",
        "is-binary-path": "~2.1.0",
        "is-glob": "~4.0.1",
        "normalize-path": "~3.0.0",
        "readdirp": "~3.3.0"
      },
      "engines": {
        "node": ">= 8.10.0"
      },
      "optionalDependencies": {
        "fsevents": "~2.1.2"
      }
    },
    "node_modules/cliui": {
      "version": "7.0.4",
      "license": "ISC",
      "dependencies": {
        "string-width": "^4.2.0",
        "strip-ansi": "^6.0.0",
        "wrap-ansi": "^7.0.0"
      }
    },
    "node_modules/color-convert": {
      "version": "2.0.1",
      "license": "MIT",
      "dependencies": {
        "color-name": "~1.1.4"
      },
      "engines": {
        "node": ">=7.0.0"
      }
    },
    "node_modules/color-name": {
      "version": "1.1.4",
      "license": "MIT"
    },
    "node_modules/commander": {
      "version": "5.1.0",
      "license": "MIT",
      "engines": {
        "node": ">= 6"
      }
    },
    "node_modules/debug": {
      "version": "4.1.1",
      "license": "MIT",
      "dependencies": {
        "ms": "^2.1.1"
      }
    },
    "node_modules/emoji-regex": {
      "version": "8.0.0",
      "license": "MIT"
    },
    "node_modules/escalade": {
      "version": "3.1.1",
      "license": "MIT",
      "engines": {
        "node": ">=6"
      }
    },
    "node_modules/fill-range": {
      "version": "7.0.1",
      "license": "MIT",
      "dependencies": {
        "to-regex-range": "^5.0.1"
      },
      "engines": {
        "node": ">=8"
      }
    },
    "node_modules/fp-ts": {
      "version": "2.5.3",
      "license": "MIT"
    },
    "node_modules/fs-extra": {
      "version": "11.1.0",
      "resolved": "https://registry.npmjs.org/fs-extra/-/fs-extra-11.1.0.tgz",
      "integrity": "sha512-0rcTq621PD5jM/e0a3EJoGC/1TC5ZBCERW82LQuwfGnCa1V8w7dpYH1yNu+SLb6E5dkeCBzKEyLGlFrnr+dUyw==",
      "dependencies": {
        "graceful-fs": "^4.2.0",
        "jsonfile": "^6.0.1",
        "universalify": "^2.0.0"
      },
      "engines": {
        "node": ">=14.14"
      }
    },
    "node_modules/fs.realpath": {
      "version": "1.0.0",
      "license": "ISC"
    },
    "node_modules/fsevents": {
      "version": "2.1.2",
      "license": "MIT",
      "optional": true,
      "os": [
        "darwin"
      ],
      "engines": {
        "node": "^8.16.0 || ^10.6.0 || >=11.0.0"
      }
    },
    "node_modules/get-caller-file": {
      "version": "2.0.5",
      "license": "ISC",
      "engines": {
        "node": "6.* || 8.* || >= 10.*"
      }
    },
    "node_modules/glob": {
      "version": "8.0.1",
      "resolved": "https://registry.npmjs.org/glob/-/glob-8.0.1.tgz",
      "integrity": "sha512-cF7FYZZ47YzmCu7dDy50xSRRfO3ErRfrXuLZcNIuyiJEco0XSrGtuilG19L5xp3NcwTx7Gn+X6Tv3fmsUPTbow==",
      "dependencies": {
        "fs.realpath": "^1.0.0",
        "inflight": "^1.0.4",
        "inherits": "2",
        "minimatch": "^5.0.1",
        "once": "^1.3.0",
        "path-is-absolute": "^1.0.0"
      },
      "engines": {
        "node": ">=12"
      },
      "funding": {
        "url": "https://github.com/sponsors/isaacs"
      }
    },
    "node_modules/glob-parent": {
      "version": "5.1.2",
      "license": "ISC",
      "dependencies": {
        "is-glob": "^4.0.1"
      },
      "engines": {
        "node": ">= 6"
      }
    },
    "node_modules/graceful-fs": {
      "version": "4.2.6",
      "license": "ISC"
    },
    "node_modules/has-flag": {
      "version": "4.0.0",
      "license": "MIT",
      "engines": {
        "node": ">=8"
      }
    },
    "node_modules/inflight": {
      "version": "1.0.6",
      "license": "ISC",
      "dependencies": {
        "once": "^1.3.0",
        "wrappy": "1"
      }
    },
    "node_modules/inherits": {
      "version": "2.0.4",
      "license": "ISC"
    },
    "node_modules/io-ts": {
      "version": "2.1.2",
      "license": "MIT",
      "peerDependencies": {
        "fp-ts": "^2.0.0"
      }
    },
    "node_modules/io-ts-reporters": {
      "version": "1.0.0",
      "dependencies": {
        "fp-ts": "^2.0.2",
        "io-ts": "^2.0.0"
      }
    },
    "node_modules/is-binary-path": {
      "version": "2.1.0",
      "license": "MIT",
      "dependencies": {
        "binary-extensions": "^2.0.0"
      },
      "engines": {
        "node": ">=8"
      }
    },
    "node_modules/is-extglob": {
      "version": "2.1.1",
      "license": "MIT",
      "engines": {
        "node": ">=0.10.0"
      }
    },
    "node_modules/is-fullwidth-code-point": {
      "version": "3.0.0",
      "license": "MIT",
      "engines": {
        "node": ">=8"
      }
    },
    "node_modules/is-glob": {
      "version": "4.0.1",
      "license": "MIT",
      "dependencies": {
        "is-extglob": "^2.1.1"
      },
      "engines": {
        "node": ">=0.10.0"
      }
    },
    "node_modules/is-number": {
      "version": "7.0.0",
      "license": "MIT",
      "engines": {
        "node": ">=0.12.0"
      }
    },
    "node_modules/jest-worker": {
      "version": "26.6.2",
      "resolved": "https://registry.npmjs.org/jest-worker/-/jest-worker-26.6.2.tgz",
      "integrity": "sha512-KWYVV1c4i+jbMpaBC+U++4Va0cp8OisU185o73T1vo99hqi7w8tSJfUXYswwqqrjzwxa6KpRK54WhPvwf5w6PQ==",
      "dependencies": {
        "@types/node": "*",
        "merge-stream": "^2.0.0",
        "supports-color": "^7.0.0"
      },
      "engines": {
        "node": ">= 10.13.0"
      }
    },
    "node_modules/jsonfile": {
      "version": "6.1.0",
      "license": "MIT",
      "dependencies": {
        "universalify": "^2.0.0"
      },
      "optionalDependencies": {
        "graceful-fs": "^4.1.6"
      }
    },
    "node_modules/lower-case": {
      "version": "2.0.1",
      "license": "MIT",
      "dependencies": {
        "tslib": "^1.10.0"
      }
    },
    "node_modules/merge-stream": {
      "version": "2.0.0",
      "resolved": "https://registry.npmjs.org/merge-stream/-/merge-stream-2.0.0.tgz",
      "integrity": "sha512-abv/qOcuPfk3URPfDzmZU1LKmuw8kT+0nIHvKrKgFrwifol/doWcdA4ZqsWQ8ENrFKkd67Mfpo/LovbIUsbt3w=="
    },
    "node_modules/minimatch": {
      "version": "5.0.1",
      "resolved": "https://registry.npmjs.org/minimatch/-/minimatch-5.0.1.tgz",
      "integrity": "sha512-nLDxIFRyhDblz3qMuq+SoRZED4+miJ/G+tdDrjkkkRnjAsBexeGpgjLEQ0blJy7rHhR2b93rhQY4SvyWu9v03g==",
      "dependencies": {
        "brace-expansion": "^2.0.1"
      },
      "engines": {
        "node": ">=10"
      }
    },
    "node_modules/mongodb-uri": {
      "version": "0.9.7",
      "license": "MIT",
      "engines": {
        "node": ">= 0.6.0"
      }
    },
    "node_modules/ms": {
      "version": "2.1.2",
      "license": "MIT"
    },
    "node_modules/no-case": {
      "version": "3.0.3",
      "license": "MIT",
      "dependencies": {
        "lower-case": "^2.0.1",
        "tslib": "^1.10.0"
      }
    },
    "node_modules/normalize-path": {
      "version": "3.0.0",
      "license": "MIT",
      "engines": {
        "node": ">=0.10.0"
      }
    },
    "node_modules/nunjucks": {
      "version": "3.2.3",
      "license": "BSD-2-Clause",
      "dependencies": {
        "a-sync-waterfall": "^1.0.0",
        "asap": "^2.0.3",
        "commander": "^5.1.0"
      },
      "bin": {
        "nunjucks-precompile": "bin/precompile"
      },
      "engines": {
        "node": ">= 6.9.0"
      },
      "peerDependencies": {
        "chokidar": "^3.3.0"
      },
      "peerDependenciesMeta": {
        "chokidar": {
          "optional": true
        }
      }
    },
    "node_modules/once": {
      "version": "1.4.0",
      "license": "ISC",
      "dependencies": {
        "wrappy": "1"
      }
    },
    "node_modules/pascal-case": {
      "version": "3.1.1",
      "license": "MIT",
      "dependencies": {
        "no-case": "^3.0.3",
        "tslib": "^1.10.0"
      }
    },
    "node_modules/path-is-absolute": {
      "version": "1.0.1",
      "license": "MIT",
      "engines": {
        "node": ">=0.10.0"
      }
    },
    "node_modules/picomatch": {
      "version": "2.2.1",
      "license": "MIT",
      "engines": {
        "node": ">=8.6"
      },
      "funding": {
        "url": "https://github.com/sponsors/jonschlinkert"
      }
    },
    "node_modules/readdirp": {
      "version": "3.3.0",
      "license": "MIT",
      "dependencies": {
        "picomatch": "^2.0.7"
      },
      "engines": {
        "node": ">=8.10.0"
      }
    },
    "node_modules/require-directory": {
      "version": "2.1.1",
      "license": "MIT",
      "engines": {
        "node": ">=0.10.0"
      }
    },
    "node_modules/string-width": {
      "version": "4.2.2",
      "license": "MIT",
      "dependencies": {
        "emoji-regex": "^8.0.0",
        "is-fullwidth-code-point": "^3.0.0",
        "strip-ansi": "^6.0.0"
      },
      "engines": {
        "node": ">=8"
      }
    },
    "node_modules/strip-ansi": {
      "version": "6.0.0",
      "license": "MIT",
      "dependencies": {
        "ansi-regex": "^5.0.0"
      },
      "engines": {
        "node": ">=8"
      }
    },
    "node_modules/supports-color": {
      "version": "7.1.0",
      "license": "MIT",
      "dependencies": {
        "has-flag": "^4.0.0"
      },
      "engines": {
        "node": ">=8"
      }
    },
    "node_modules/to-regex-range": {
      "version": "5.0.1",
      "license": "MIT",
      "dependencies": {
        "is-number": "^7.0.0"
      },
      "engines": {
        "node": ">=8.0"
      }
    },
    "node_modules/ts-parse-database-url": {
      "version": "1.0.3",
      "license": "ISC",
      "dependencies": {
        "mongodb-uri": "^0.9.7"
      }
    },
    "node_modules/tslib": {
      "version": "1.11.1",
      "license": "Apache-2.0"
    },
    "node_modules/typescript": {
      "version": "4.5.5",
      "license": "Apache-2.0",
      "peer": true,
      "bin": {
        "tsc": "bin/tsc",
        "tsserver": "bin/tsserver"
      },
      "engines": {
        "node": ">=4.2.0"
      }
    },
    "node_modules/universalify": {
      "version": "2.0.0",
      "license": "MIT",
      "engines": {
        "node": ">= 10.0.0"
      }
    },
    "node_modules/wrap-ansi": {
      "version": "7.0.0",
      "license": "MIT",
      "dependencies": {
        "ansi-styles": "^4.0.0",
        "string-width": "^4.1.0",
        "strip-ansi": "^6.0.0"
      },
      "engines": {
        "node": ">=10"
      },
      "funding": {
        "url": "https://github.com/chalk/wrap-ansi?sponsor=1"
      }
    },
    "node_modules/wrappy": {
      "version": "1.0.2",
      "license": "ISC"
    },
    "node_modules/y18n": {
      "version": "5.0.8",
      "license": "ISC",
      "engines": {
        "node": ">=10"
      }
    },
    "node_modules/yargs": {
      "version": "17.0.1",
      "license": "MIT",
      "dependencies": {
        "cliui": "^7.0.2",
        "escalade": "^3.1.1",
        "get-caller-file": "^2.0.5",
        "require-directory": "^2.1.1",
        "string-width": "^4.2.0",
        "y18n": "^5.0.5",
        "yargs-parser": "^20.2.2"
      },
      "engines": {
        "node": ">=12"
      }
    },
    "node_modules/yargs-parser": {
      "version": "20.2.7",
      "license": "ISC",
      "engines": {
        "node": ">=10"
      }
    }
  },
  "dependencies": {
    "@types/color-name": {
      "version": "1.1.1"
    },
    "@types/debug": {
      "version": "4.1.7",
      "dev": true,
      "requires": {
        "@types/ms": "*"
      }
    },
    "@types/fs-extra": {
      "version": "9.0.12",
      "dev": true,
      "requires": {
        "@types/node": "*"
      }
    },
    "@types/glob": {
      "version": "8.0.0",
      "resolved": "https://registry.npmjs.org/@types/glob/-/glob-8.0.0.tgz",
      "integrity": "sha512-l6NQsDDyQUVeoTynNpC9uRvCUint/gSUXQA2euwmTuWGvPY5LSDUu6tkCtJB2SvGQlJQzLaKqcGZP4//7EDveA==",
      "dev": true,
      "requires": {
        "@types/minimatch": "*",
        "@types/node": "*"
      }
    },
    "@types/minimatch": {
      "version": "3.0.5",
      "dev": true
    },
    "@types/ms": {
      "version": "0.7.31",
      "dev": true
    },
    "@types/node": {
      "version": "18.7.8",
      "resolved": "https://registry.npmjs.org/@types/node/-/node-18.7.8.tgz",
      "integrity": "sha512-/YP55EMK2341JkODUb8DM9O0x1SIz2aBvyF33Uf1c76St3VpsMXEIW0nxuKkq/5cxnbz0RD9cfwNZHEAZQD3ag=="
    },
    "@types/nunjucks": {
      "version": "3.1.3"
    },
    "@types/yargs": {
      "version": "17.0.17",
      "resolved": "https://registry.npmjs.org/@types/yargs/-/yargs-17.0.17.tgz",
      "integrity": "sha512-72bWxFKTK6uwWJAVT+3rF6Jo6RTojiJ27FQo8Rf60AL+VZbzoVPnMFhKsUnbjR8A3BTCYQ7Mv3hnl8T0A+CX9g==",
      "dev": true,
      "requires": {
        "@types/yargs-parser": "*"
      }
    },
    "@types/yargs-parser": {
      "version": "20.2.1",
      "dev": true
    },
    "a-sync-waterfall": {
      "version": "1.0.1"
    },
    "ansi-regex": {
      "version": "5.0.1"
    },
    "ansi-styles": {
      "version": "4.2.1",
      "requires": {
        "@types/color-name": "^1.1.1",
        "color-convert": "^2.0.1"
      }
    },
    "anymatch": {
      "version": "3.1.1",
      "requires": {
        "normalize-path": "^3.0.0",
        "picomatch": "^2.0.4"
      }
    },
    "asap": {
      "version": "2.0.6"
    },
    "balanced-match": {
      "version": "1.0.2",
      "resolved": "https://registry.npmjs.org/balanced-match/-/balanced-match-1.0.2.tgz",
      "integrity": "sha512-3oSeUO0TMV67hN1AmbXsK4yaqU7tjiHlbxRDZOpH0KW9+CeX4bRAaX0Anxt0tx2MrpRpWwQaPwIlISEJhYU5Pw=="
    },
    "binary-extensions": {
      "version": "2.0.0"
    },
    "brace-expansion": {
      "version": "2.0.1",
      "resolved": "https://registry.npmjs.org/brace-expansion/-/brace-expansion-2.0.1.tgz",
      "integrity": "sha512-XnAIvQ8eM+kC6aULx6wuQiwVsnzsi9d3WxzV3FpWTGA19F621kwdbsAcFKXgKUHZWsy+mY6iL1sHTxWEFCytDA==",
      "requires": {
        "balanced-match": "^1.0.0"
      }
    },
    "braces": {
      "version": "3.0.2",
      "requires": {
        "fill-range": "^7.0.1"
      }
    },
    "camel-case": {
      "version": "4.1.1",
      "requires": {
        "pascal-case": "^3.1.1",
        "tslib": "^1.10.0"
      }
    },
    "chalk": {
      "version": "4.0.0",
      "requires": {
        "ansi-styles": "^4.1.0",
        "supports-color": "^7.1.0"
      }
    },
    "chokidar": {
      "version": "3.3.1",
      "requires": {
        "anymatch": "~3.1.1",
        "braces": "~3.0.2",
        "fsevents": "~2.1.2",
        "glob-parent": "~5.1.0",
        "is-binary-path": "~2.1.0",
        "is-glob": "~4.0.1",
        "normalize-path": "~3.0.0",
        "readdirp": "~3.3.0"
      }
    },
    "cliui": {
      "version": "7.0.4",
      "requires": {
        "string-width": "^4.2.0",
        "strip-ansi": "^6.0.0",
        "wrap-ansi": "^7.0.0"
      }
    },
    "color-convert": {
      "version": "2.0.1",
      "requires": {
        "color-name": "~1.1.4"
      }
    },
    "color-name": {
      "version": "1.1.4"
    },
    "commander": {
      "version": "5.1.0"
    },
    "debug": {
      "version": "4.1.1",
      "requires": {
        "ms": "^2.1.1"
      }
    },
    "emoji-regex": {
      "version": "8.0.0"
    },
    "escalade": {
      "version": "3.1.1"
    },
    "fill-range": {
      "version": "7.0.1",
      "requires": {
        "to-regex-range": "^5.0.1"
      }
    },
    "fp-ts": {
      "version": "2.5.3"
    },
    "fs-extra": {
      "version": "11.1.0",
      "resolved": "https://registry.npmjs.org/fs-extra/-/fs-extra-11.1.0.tgz",
      "integrity": "sha512-0rcTq621PD5jM/e0a3EJoGC/1TC5ZBCERW82LQuwfGnCa1V8w7dpYH1yNu+SLb6E5dkeCBzKEyLGlFrnr+dUyw==",
      "requires": {
        "graceful-fs": "^4.2.0",
        "jsonfile": "^6.0.1",
        "universalify": "^2.0.0"
      }
    },
    "fs.realpath": {
      "version": "1.0.0"
    },
    "fsevents": {
      "version": "2.1.2",
      "optional": true
    },
    "get-caller-file": {
      "version": "2.0.5"
    },
    "glob": {
      "version": "8.0.1",
      "resolved": "https://registry.npmjs.org/glob/-/glob-8.0.1.tgz",
      "integrity": "sha512-cF7FYZZ47YzmCu7dDy50xSRRfO3ErRfrXuLZcNIuyiJEco0XSrGtuilG19L5xp3NcwTx7Gn+X6Tv3fmsUPTbow==",
      "requires": {
        "fs.realpath": "^1.0.0",
        "inflight": "^1.0.4",
        "inherits": "2",
        "minimatch": "^5.0.1",
        "once": "^1.3.0",
        "path-is-absolute": "^1.0.0"
      }
    },
    "glob-parent": {
      "version": "5.1.2",
      "requires": {
        "is-glob": "^4.0.1"
      }
    },
    "graceful-fs": {
      "version": "4.2.6"
    },
    "has-flag": {
      "version": "4.0.0"
    },
    "inflight": {
      "version": "1.0.6",
      "requires": {
        "once": "^1.3.0",
        "wrappy": "1"
      }
    },
    "inherits": {
      "version": "2.0.4"
    },
    "io-ts": {
      "version": "2.1.2",
      "requires": {}
    },
    "io-ts-reporters": {
      "version": "1.0.0",
      "requires": {
        "fp-ts": "^2.0.2",
        "io-ts": "^2.0.0"
      }
    },
    "is-binary-path": {
      "version": "2.1.0",
      "requires": {
        "binary-extensions": "^2.0.0"
      }
    },
    "is-extglob": {
      "version": "2.1.1"
    },
    "is-fullwidth-code-point": {
      "version": "3.0.0"
    },
    "is-glob": {
      "version": "4.0.1",
      "requires": {
        "is-extglob": "^2.1.1"
      }
    },
    "is-number": {
      "version": "7.0.0"
    },
    "jest-worker": {
      "version": "26.6.2",
      "resolved": "https://registry.npmjs.org/jest-worker/-/jest-worker-26.6.2.tgz",
      "integrity": "sha512-KWYVV1c4i+jbMpaBC+U++4Va0cp8OisU185o73T1vo99hqi7w8tSJfUXYswwqqrjzwxa6KpRK54WhPvwf5w6PQ==",
      "requires": {
        "@types/node": "*",
        "merge-stream": "^2.0.0",
        "supports-color": "^7.0.0"
      }
    },
    "jsonfile": {
      "version": "6.1.0",
      "requires": {
        "graceful-fs": "^4.1.6",
        "universalify": "^2.0.0"
      }
    },
    "lower-case": {
      "version": "2.0.1",
      "requires": {
        "tslib": "^1.10.0"
      }
    },
    "merge-stream": {
      "version": "2.0.0",
      "resolved": "https://registry.npmjs.org/merge-stream/-/merge-stream-2.0.0.tgz",
      "integrity": "sha512-abv/qOcuPfk3URPfDzmZU1LKmuw8kT+0nIHvKrKgFrwifol/doWcdA4ZqsWQ8ENrFKkd67Mfpo/LovbIUsbt3w=="
    },
    "minimatch": {
      "version": "5.0.1",
      "resolved": "https://registry.npmjs.org/minimatch/-/minimatch-5.0.1.tgz",
      "integrity": "sha512-nLDxIFRyhDblz3qMuq+SoRZED4+miJ/G+tdDrjkkkRnjAsBexeGpgjLEQ0blJy7rHhR2b93rhQY4SvyWu9v03g==",
      "requires": {
        "brace-expansion": "^2.0.1"
      }
    },
    "mongodb-uri": {
      "version": "0.9.7"
    },
    "ms": {
      "version": "2.1.2"
    },
    "no-case": {
      "version": "3.0.3",
      "requires": {
        "lower-case": "^2.0.1",
        "tslib": "^1.10.0"
      }
    },
    "normalize-path": {
      "version": "3.0.0"
    },
    "nunjucks": {
      "version": "3.2.3",
      "requires": {
        "a-sync-waterfall": "^1.0.0",
        "asap": "^2.0.3",
        "commander": "^5.1.0"
      }
    },
    "once": {
      "version": "1.4.0",
      "requires": {
        "wrappy": "1"
      }
    },
    "pascal-case": {
      "version": "3.1.1",
      "requires": {
        "no-case": "^3.0.3",
        "tslib": "^1.10.0"
      }
    },
    "path-is-absolute": {
      "version": "1.0.1"
    },
    "picomatch": {
      "version": "2.2.1"
    },
    "readdirp": {
      "version": "3.3.0",
      "requires": {
        "picomatch": "^2.0.7"
      }
    },
    "require-directory": {
      "version": "2.1.1"
    },
    "string-width": {
      "version": "4.2.2",
      "requires": {
        "emoji-regex": "^8.0.0",
        "is-fullwidth-code-point": "^3.0.0",
        "strip-ansi": "^6.0.0"
      }
    },
    "strip-ansi": {
      "version": "6.0.0",
      "requires": {
        "ansi-regex": "^5.0.0"
      }
    },
    "supports-color": {
      "version": "7.1.0",
      "requires": {
        "has-flag": "^4.0.0"
      }
    },
    "to-regex-range": {
      "version": "5.0.1",
      "requires": {
        "is-number": "^7.0.0"
      }
    },
    "ts-parse-database-url": {
      "version": "1.0.3",
      "requires": {
        "mongodb-uri": "^0.9.7"
      }
    },
    "tslib": {
      "version": "1.11.1"
    },
    "typescript": {
      "version": "4.5.5",
      "peer": true
    },
    "universalify": {
      "version": "2.0.0"
    },
    "wrap-ansi": {
      "version": "7.0.0",
      "requires": {
        "ansi-styles": "^4.0.0",
        "string-width": "^4.1.0",
        "strip-ansi": "^6.0.0"
      }
    },
    "wrappy": {
      "version": "1.0.2"
    },
    "y18n": {
      "version": "5.0.8"
    },
    "yargs": {
      "version": "17.0.1",
      "requires": {
        "cliui": "^7.0.2",
        "escalade": "^3.1.1",
        "get-caller-file": "^2.0.5",
        "require-directory": "^2.1.1",
        "string-width": "^4.2.0",
        "y18n": "^5.0.5",
        "yargs-parser": "^20.2.2"
      }
    },
    "yargs-parser": {
      "version": "20.2.7"
    }
  }
}
