{
  "name": "@pgtyped/wire",
  "version": "0.12.0",
  "lockfileVersion": 2,
  "requires": true,
  "packages": {
    "": {
      "name": "@pgtyped/wire",
      "version": "0.12.0",
      "license": "MIT",
      "dependencies": {
        "@types/debug": "^4.1.4",
        "debug": "^4.1.1"
      },
      "devDependencies": {
        "@types/node": "^14.14.41"
      }
    },
    "node_modules/@types/debug": {
      "version": "4.1.5",
      "resolved": "https://registry.npmjs.org/@types/debug/-/debug-4.1.5.tgz",
      "integrity": "sha512-Q1y515GcOdTHgagaVFhHnIFQ38ygs/kmxdNpvpou+raI9UO3YZcHDngBSYKQklcKlvA7iuQlmIKbzvmxcOE9CQ=="
    },
    "node_modules/@types/node": {
      "version": "14.17.20",
      "resolved": "https://registry.npmjs.org/@types/node/-/node-14.17.20.tgz",
      "integrity": "sha512-gI5Sl30tmhXsqkNvopFydP7ASc4c2cLfGNQrVKN3X90ADFWFsPEsotm/8JHSUJQKTHbwowAHtcJPeyVhtKv0TQ==",
      "dev": true
    },
    "node_modules/debug": {
      "version": "4.1.1",
      "resolved": "https://registry.npmjs.org/debug/-/debug-4.1.1.tgz",
      "integrity": "sha512-pYAIzeRo8J6KPEaJ0VWOh5Pzkbw/RetuzehGM7QRRX5he4fPHx2rdKMB256ehJCkX+XRQm16eZLqLNS8RSZXZw==",
      "dependencies": {
        "ms": "^2.1.1"
      }
    },
    "node_modules/ms": {
      "version": "2.1.2",
      "resolved": "https://registry.npmjs.org/ms/-/ms-2.1.2.tgz",
      "integrity": "sha512-sGkPx+VjMtmA6MX27oA4FBFELFCZZ4S4XqeGOXCv68tT+jb3vk/RyaKWP0PTKyWtmLSM0b+adUTEvbs1PEaH2w=="
    }
  },
  "dependencies": {
    "@types/debug": {
      "version": "4.1.5",
      "resolved": "https://registry.npmjs.org/@types/debug/-/debug-4.1.5.tgz",
      "integrity": "sha512-Q1y515GcOdTHgagaVFhHnIFQ38ygs/kmxdNpvpou+raI9UO3YZcHDngBSYKQklcKlvA7iuQlmIKbzvmxcOE9CQ=="
    },
    "@types/node": {
      "version": "14.17.20",
      "resolved": "https://registry.npmjs.org/@types/node/-/node-14.17.20.tgz",
      "integrity": "sha512-gI5Sl30tmhXsqkNvopFydP7ASc4c2cLfGNQrVKN3X90ADFWFsPEsotm/8JHSUJQKTHbwowAHtcJPeyVhtKv0TQ==",
      "dev": true
    },
    "debug": {
      "version": "4.1.1",
      "resolved": "https://registry.npmjs.org/debug/-/debug-4.1.1.tgz",
      "integrity": "sha512-pYAIzeRo8J6KPEaJ0VWOh5Pzkbw/RetuzehGM7QRRX5he4fPHx2rdKMB256ehJCkX+XRQm16eZLqLNS8RSZXZw==",
      "requires": {
        "ms": "^2.1.1"
      }
    },
    "ms": {
      "version": "2.1.2",
      "resolved": "https://registry.npmjs.org/ms/-/ms-2.1.2.tgz",
      "integrity": "sha512-sGkPx+VjMtmA6MX27oA4FBFELFCZZ4S4XqeGOXCv68tT+jb3vk/RyaKWP0PTKyWtmLSM0b+adUTEvbs1PEaH2w=="
    }
  }
}
